// !$*UTF8*$!
{
	archiveVersion = 1;
	classes = {
	};
	objectVersion = 46;
	objects = {

/* Begin PBXBuildFile section */
		63F6A0CC17AED95100371EE3 /* UIKit.framework in Frameworks */ = {isa = PBXBuildFile; fileRef = 63F6A0CB17AED95100371EE3 /* UIKit.framework */; };
		63F6A0CE17AED95100371EE3 /* Foundation.framework in Frameworks */ = {isa = PBXBuildFile; fileRef = 63F6A0CD17AED95100371EE3 /* Foundation.framework */; };
		63F6A0D017AED95100371EE3 /* CoreGraphics.framework in Frameworks */ = {isa = PBXBuildFile; fileRef = 63F6A0CF17AED95100371EE3 /* CoreGraphics.framework */; };
		63F6A0D617AED95100371EE3 /* InfoPlist.strings in Resources */ = {isa = PBXBuildFile; fileRef = 63F6A0D417AED95100371EE3 /* InfoPlist.strings */; };
		63F6A0D817AED95100371EE3 /* main.m in Sources */ = {isa = PBXBuildFile; fileRef = 63F6A0D717AED95100371EE3 /* main.m */; };
		63F6A0DC17AED95100371EE3 /* AppDelegate.m in Sources */ = {isa = PBXBuildFile; fileRef = 63F6A0DB17AED95100371EE3 /* AppDelegate.m */; };
		63F6A0DE17AED95100371EE3 /* Default.png in Resources */ = {isa = PBXBuildFile; fileRef = 63F6A0DD17AED95100371EE3 /* Default.png */; };
		63F6A0E017AED95100371EE3 /* Default@2x.png in Resources */ = {isa = PBXBuildFile; fileRef = 63F6A0DF17AED95100371EE3 /* Default@2x.png */; };
		63F6A0E217AED95100371EE3 /* Default-568h@2x.png in Resources */ = {isa = PBXBuildFile; fileRef = 63F6A0E117AED95100371EE3 /* Default-568h@2x.png */; };
		63F6A0E517AED95100371EE3 /* ViewController.m in Sources */ = {isa = PBXBuildFile; fileRef = 63F6A0E417AED95100371EE3 /* ViewController.m */; };
		63F6A0E817AED95100371EE3 /* ViewController.xib in Resources */ = {isa = PBXBuildFile; fileRef = 63F6A0E617AED95100371EE3 /* ViewController.xib */; };
		63F6A0F017AED96C00371EE3 /* UIBezierPath+ZEPolygon.m in Sources */ = {isa = PBXBuildFile; fileRef = 63F6A0EF17AED96C00371EE3 /* UIBezierPath+ZEPolygon.m */; };
		63F6A0F217AED97C00371EE3 /* image.png in Resources */ = {isa = PBXBuildFile; fileRef = 63F6A0F117AED97C00371EE3 /* image.png */; };
		63F6A0F517AED99A00371EE3 /* UIImage+PolygonMasking.m in Sources */ = {isa = PBXBuildFile; fileRef = 63F6A0F417AED99A00371EE3 /* UIImage+PolygonMasking.m */; };
		63F6A0F717AED9F600371EE3 /* QuartzCore.framework in Frameworks */ = {isa = PBXBuildFile; fileRef = 63F6A0F617AED9F600371EE3 /* QuartzCore.framework */; };
/* End PBXBuildFile section */

/* Begin PBXFileReference section */
		63F6A0C817AED95100371EE3 /* PolygonDemo.app */ = {isa = PBXFileReference; explicitFileType = wrapper.application; includeInIndex = 0; path = PolygonDemo.app; sourceTree = BUILT_PRODUCTS_DIR; };
		63F6A0CB17AED95100371EE3 /* UIKit.framework */ = {isa = PBXFileReference; lastKnownFileType = wrapper.framework; name = UIKit.framework; path = System/Library/Frameworks/UIKit.framework; sourceTree = SDKROOT; };
		63F6A0CD17AED95100371EE3 /* Foundation.framework */ = {isa = PBXFileReference; lastKnownFileType = wrapper.framework; name = Foundation.framework; path = System/Library/Frameworks/Foundation.framework; sourceTree = SDKROOT; };
		63F6A0CF17AED95100371EE3 /* CoreGraphics.framework */ = {isa = PBXFileReference; lastKnownFileType = wrapper.framework; name = CoreGraphics.framework; path = System/Library/Frameworks/CoreGraphics.framework; sourceTree = SDKROOT; };
		63F6A0D317AED95100371EE3 /* PolygonDemo-Info.plist */ = {isa = PBXFileReference; lastKnownFileType = text.plist.xml; path = "PolygonDemo-Info.plist"; sourceTree = "<group>"; };
		63F6A0D517AED95100371EE3 /* en */ = {isa = PBXFileReference; lastKnownFileType = text.plist.strings; name = en; path = en.lproj/InfoPlist.strings; sourceTree = "<group>"; };
		63F6A0D717AED95100371EE3 /* main.m */ = {isa = PBXFileReference; lastKnownFileType = sourcecode.c.objc; path = main.m; sourceTree = "<group>"; };
		63F6A0D917AED95100371EE3 /* PolygonDemo-Prefix.pch */ = {isa = PBXFileReference; lastKnownFileType = sourcecode.c.h; path = "PolygonDemo-Prefix.pch"; sourceTree = "<group>"; };
		63F6A0DA17AED95100371EE3 /* AppDelegate.h */ = {isa = PBXFileReference; lastKnownFileType = sourcecode.c.h; path = AppDelegate.h; sourceTree = "<group>"; };
		63F6A0DB17AED95100371EE3 /* AppDelegate.m */ = {isa = PBXFileReference; lastKnownFileType = sourcecode.c.objc; path = AppDelegate.m; sourceTree = "<group>"; };
		63F6A0DD17AED95100371EE3 /* Default.png */ = {isa = PBXFileReference; lastKnownFileType = image.png; path = Default.png; sourceTree = "<group>"; };
		63F6A0DF17AED95100371EE3 /* Default@2x.png */ = {isa = PBXFileReference; lastKnownFileType = image.png; path = "Default@2x.png"; sourceTree = "<group>"; };
		63F6A0E117AED95100371EE3 /* Default-568h@2x.png */ = {isa = PBXFileReference; lastKnownFileType = image.png; path = "Default-568h@2x.png"; sourceTree = "<group>"; };
		63F6A0E317AED95100371EE3 /* ViewController.h */ = {isa = PBXFileReference; lastKnownFileType = sourcecode.c.h; path = ViewController.h; sourceTree = "<group>"; };
		63F6A0E417AED95100371EE3 /* ViewController.m */ = {isa = PBXFileReference; lastKnownFileType = sourcecode.c.objc; path = ViewController.m; sourceTree = "<group>"; };
		63F6A0E717AED95100371EE3 /* en */ = {isa = PBXFileReference; lastKnownFileType = file.xib; name = en; path = en.lproj/ViewController.xib; sourceTree = "<group>"; };
		63F6A0EE17AED96C00371EE3 /* UIBezierPath+ZEPolygon.h */ = {isa = PBXFileReference; fileEncoding = 4; lastKnownFileType = sourcecode.c.h; name = "UIBezierPath+ZEPolygon.h"; path = "../../UIBezierPath+ZEPolygon.h"; sourceTree = "<group>"; };
		63F6A0EF17AED96C00371EE3 /* UIBezierPath+ZEPolygon.m */ = {isa = PBXFileReference; fileEncoding = 4; lastKnownFileType = sourcecode.c.objc; name = "UIBezierPath+ZEPolygon.m"; path = "../../UIBezierPath+ZEPolygon.m"; sourceTree = "<group>"; };
		63F6A0F117AED97C00371EE3 /* image.png */ = {isa = PBXFileReference; lastKnownFileType = image.png; path = image.png; sourceTree = "<group>"; };
		63F6A0F317AED99A00371EE3 /* UIImage+PolygonMasking.h */ = {isa = PBXFileReference; fileEncoding = 4; lastKnownFileType = sourcecode.c.h; path = "UIImage+PolygonMasking.h"; sourceTree = "<group>"; };
		63F6A0F417AED99A00371EE3 /* UIImage+PolygonMasking.m */ = {isa = PBXFileReference; fileEncoding = 4; lastKnownFileType = sourcecode.c.objc; path = "UIImage+PolygonMasking.m"; sourceTree = "<group>"; };
		63F6A0F617AED9F600371EE3 /* QuartzCore.framework */ = {isa = PBXFileReference; lastKnownFileType = wrapper.framework; name = QuartzCore.framework; path = System/Library/Frameworks/QuartzCore.framework; sourceTree = SDKROOT; };
/* End PBXFileReference section */

/* Begin PBXFrameworksBuildPhase section */
		63F6A0C517AED95100371EE3 /* Frameworks */ = {
			isa = PBXFrameworksBuildPhase;
			buildActionMask = 2147483647;
			files = (
				63F6A0F717AED9F600371EE3 /* QuartzCore.framework in Frameworks */,
				63F6A0CC17AED95100371EE3 /* UIKit.framework in Frameworks */,
				63F6A0CE17AED95100371EE3 /* Foundation.framework in Frameworks */,
				63F6A0D017AED95100371EE3 /* CoreGraphics.framework in Frameworks */,
			);
			runOnlyForDeploymentPostprocessing = 0;
		};
/* End PBXFrameworksBuildPhase section */

/* Begin PBXGroup section */
		63F6A0BF17AED95100371EE3 = {
			isa = PBXGroup;
			children = (
				63F6A0D117AED95100371EE3 /* PolygonDemo */,
				63F6A0CA17AED95100371EE3 /* Frameworks */,
				63F6A0C917AED95100371EE3 /* Products */,
			);
			sourceTree = "<group>";
		};
		63F6A0C917AED95100371EE3 /* Products */ = {
			isa = PBXGroup;
			children = (
				63F6A0C817AED95100371EE3 /* PolygonDemo.app */,
			);
			name = Products;
			sourceTree = "<group>";
		};
		63F6A0CA17AED95100371EE3 /* Frameworks */ = {
			isa = PBXGroup;
			children = (
				63F6A0F617AED9F600371EE3 /* QuartzCore.framework */,
				63F6A0CB17AED95100371EE3 /* UIKit.framework */,
				63F6A0CD17AED95100371EE3 /* Foundation.framework */,
				63F6A0CF17AED95100371EE3 /* CoreGraphics.framework */,
			);
			name = Frameworks;
			sourceTree = "<group>";
		};
		63F6A0D117AED95100371EE3 /* PolygonDemo */ = {
			isa = PBXGroup;
			children = (
				63F6A0DA17AED95100371EE3 /* AppDelegate.h */,
				63F6A0DB17AED95100371EE3 /* AppDelegate.m */,
				63F6A0E317AED95100371EE3 /* ViewController.h */,
				63F6A0E417AED95100371EE3 /* ViewController.m */,
				63F6A0E617AED95100371EE3 /* ViewController.xib */,
				63F6A0EE17AED96C00371EE3 /* UIBezierPath+ZEPolygon.h */,
				63F6A0EF17AED96C00371EE3 /* UIBezierPath+ZEPolygon.m */,
				63F6A0F317AED99A00371EE3 /* UIImage+PolygonMasking.h */,
				63F6A0F417AED99A00371EE3 /* UIImage+PolygonMasking.m */,
				63F6A0D217AED95100371EE3 /* Supporting Files */,
			);
			path = PolygonDemo;
			sourceTree = "<group>";
		};
		63F6A0D217AED95100371EE3 /* Supporting Files */ = {
			isa = PBXGroup;
			children = (
				63F6A0F117AED97C00371EE3 /* image.png */,
				63F6A0D317AED95100371EE3 /* PolygonDemo-Info.plist */,
				63F6A0D417AED95100371EE3 /* InfoPlist.strings */,
				63F6A0D717AED95100371EE3 /* main.m */,
				63F6A0D917AED95100371EE3 /* PolygonDemo-Prefix.pch */,
				63F6A0DD17AED95100371EE3 /* Default.png */,
				63F6A0DF17AED95100371EE3 /* Default@2x.png */,
				63F6A0E117AED95100371EE3 /* Default-568h@2x.png */,
			);
			name = "Supporting Files";
			sourceTree = "<group>";
		};
/* End PBXGroup section */

/* Begin PBXNativeTarget section */
		63F6A0C717AED95100371EE3 /* PolygonDemo */ = {
			isa = PBXNativeTarget;
			buildConfigurationList = 63F6A0EB17AED95100371EE3 /* Build configuration list for PBXNativeTarget "PolygonDemo" */;
			buildPhases = (
				63F6A0C417AED95100371EE3 /* Sources */,
				63F6A0C517AED95100371EE3 /* Frameworks */,
				63F6A0C617AED95100371EE3 /* Resources */,
			);
			buildRules = (
			);
			dependencies = (
			);
			name = PolygonDemo;
			productName = PolygonDemo;
			productReference = 63F6A0C817AED95100371EE3 /* PolygonDemo.app */;
			productType = "com.apple.product-type.application";
		};
/* End PBXNativeTarget section */

/* Begin PBXProject section */
		63F6A0C017AED95100371EE3 /* Project object */ = {
			isa = PBXProject;
			attributes = {
				LastUpgradeCheck = 0460;
				ORGANIZATIONNAME = "Zev Eisenberg";
			};
			buildConfigurationList = 63F6A0C317AED95100371EE3 /* Build configuration list for PBXProject "PolygonDemo" */;
			compatibilityVersion = "Xcode 3.2";
			developmentRegion = English;
			hasScannedForEncodings = 0;
			knownRegions = (
				en,
			);
			mainGroup = 63F6A0BF17AED95100371EE3;
			productRefGroup = 63F6A0C917AED95100371EE3 /* Products */;
			projectDirPath = "";
			projectRoot = "";
			targets = (
				63F6A0C717AED95100371EE3 /* PolygonDemo */,
			);
		};
/* End PBXProject section */

/* Begin PBXResourcesBuildPhase section */
		63F6A0C617AED95100371EE3 /* Resources */ = {
			isa = PBXResourcesBuildPhase;
			buildActionMask = 2147483647;
			files = (
				63F6A0D617AED95100371EE3 /* InfoPlist.strings in Resources */,
				63F6A0DE17AED95100371EE3 /* Default.png in Resources */,
				63F6A0E017AED95100371EE3 /* Default@2x.png in Resources */,
				63F6A0E217AED95100371EE3 /* Default-568h@2x.png in Resources */,
				63F6A0E817AED95100371EE3 /* ViewController.xib in Resources */,
				63F6A0F217AED97C00371EE3 /* image.png in Resources */,
			);
			runOnlyForDeploymentPostprocessing = 0;
		};
/* End PBXResourcesBuildPhase section */

/* Begin PBXSourcesBuildPhase section */
		63F6A0C417AED95100371EE3 /* Sources */ = {
			isa = PBXSourcesBuildPhase;
			buildActionMask = 2147483647;
			files = (
				63F6A0D817AED95100371EE3 /* main.m in Sources */,
				63F6A0DC17AED95100371EE3 /* AppDelegate.m in Sources */,
				63F6A0E517AED95100371EE3 /* ViewController.m in Sources */,
				63F6A0F017AED96C00371EE3 /* UIBezierPath+ZEPolygon.m in Sources */,
				63F6A0F517AED99A00371EE3 /* UIImage+PolygonMasking.m in Sources */,
			);
			runOnlyForDeploymentPostprocessing = 0;
		};
/* End PBXSourcesBuildPhase section */

/* Begin PBXVariantGroup section */
		63F6A0D417AED95100371EE3 /* InfoPlist.strings */ = {
			isa = PBXVariantGroup;
			children = (
				63F6A0D517AED95100371EE3 /* en */,
			);
			name = InfoPlist.strings;
			sourceTree = "<group>";
		};
		63F6A0E617AED95100371EE3 /* ViewController.xib */ = {
			isa = PBXVariantGroup;
			children = (
				63F6A0E717AED95100371EE3 /* en */,
			);
			name = ViewController.xib;
			sourceTree = "<group>";
		};
/* End PBXVariantGroup section */

/* Begin XCBuildConfiguration section */
		63F6A0E917AED95100371EE3 /* Debug */ = {
			isa = XCBuildConfiguration;
			buildSettings = {
				ALWAYS_SEARCH_USER_PATHS = NO;
				CLANG_CXX_LANGUAGE_STANDARD = "gnu++0x";
				CLANG_CXX_LIBRARY = "libc++";
				CLANG_ENABLE_OBJC_ARC = YES;
				CLANG_WARN_CONSTANT_CONVERSION = YES;
				CLANG_WARN_EMPTY_BODY = YES;
				CLANG_WARN_ENUM_CONVERSION = YES;
				CLANG_WARN_INT_CONVERSION = YES;
				CLANG_WARN__DUPLICATE_METHOD_MATCH = YES;
				"CODE_SIGN_IDENTITY[sdk=iphoneos*]" = "iPhone Developer";
				COPY_PHASE_STRIP = NO;
				GCC_C_LANGUAGE_STANDARD = gnu99;
				GCC_DYNAMIC_NO_PIC = NO;
				GCC_OPTIMIZATION_LEVEL = 0;
				GCC_PREPROCESSOR_DEFINITIONS = (
					"DEBUG=1",
					"$(inherited)",
				);
				GCC_SYMBOLS_PRIVATE_EXTERN = NO;
				GCC_WARN_ABOUT_RETURN_TYPE = YES;
				GCC_WARN_UNINITIALIZED_AUTOS = YES;
				GCC_WARN_UNUSED_VARIABLE = YES;
				IPHONEOS_DEPLOYMENT_TARGET = 6.1;
				ONLY_ACTIVE_ARCH = YES;
				SDKROOT = iphoneos;
			};
			name = Debug;
		};
		63F6A0EA17AED95100371EE3 /* Release */ = {
			isa = XCBuildConfiguration;
			buildSettings = {
				ALWAYS_SEARCH_USER_PATHS = NO;
				CLANG_CXX_LANGUAGE_STANDARD = "gnu++0x";
				CLANG_CXX_LIBRARY = "libc++";
				CLANG_ENABLE_OBJC_ARC = YES;
				CLANG_WARN_CONSTANT_CONVERSION = YES;
				CLANG_WARN_EMPTY_BODY = YES;
				CLANG_WARN_ENUM_CONVERSION = YES;
				CLANG_WARN_INT_CONVERSION = YES;
				CLANG_WARN__DUPLICATE_METHOD_MATCH = YES;
				"CODE_SIGN_IDENTITY[sdk=iphoneos*]" = "iPhone Developer";
				COPY_PHASE_STRIP = YES;
				GCC_C_LANGUAGE_STANDARD = gnu99;
				GCC_WARN_ABOUT_RETURN_TYPE = YES;
				GCC_WARN_UNINITIALIZED_AUTOS = YES;
				GCC_WARN_UNUSED_VARIABLE = YES;
				IPHONEOS_DEPLOYMENT_TARGET = 6.1;
				OTHER_CFLAGS = "-DNS_BLOCK_ASSERTIONS=1";
				SDKROOT = iphoneos;
				VALIDATE_PRODUCT = YES;
			};
			name = Release;
		};
		63F6A0EC17AED95100371EE3 /* Debug */ = {
			isa = XCBuildConfiguration;
			buildSettings = {
				GCC_PRECOMPILE_PREFIX_HEADER = YES;
				GCC_PREFIX_HEADER = "PolygonDemo/PolygonDemo-Prefix.pch";
				INFOPLIST_FILE = "PolygonDemo/PolygonDemo-Info.plist";
				PRODUCT_NAME = "$(TARGET_NAME)";
				WRAPPER_EXTENSION = app;
			};
			name = Debug;
		};
		63F6A0ED17AED95100371EE3 /* Release */ = {
			isa = XCBuildConfiguration;
			buildSettings = {
				GCC_PRECOMPILE_PREFIX_HEADER = YES;
				GCC_PREFIX_HEADER = "PolygonDemo/PolygonDemo-Prefix.pch";
				INFOPLIST_FILE = "PolygonDemo/PolygonDemo-Info.plist";
				PRODUCT_NAME = "$(TARGET_NAME)";
				WRAPPER_EXTENSION = app;
			};
			name = Release;
		};
/* End XCBuildConfiguration section */

/* Begin XCConfigurationList section */
		63F6A0C317AED95100371EE3 /* Build configuration list for PBXProject "PolygonDemo" */ = {
			isa = XCConfigurationList;
			buildConfigurations = (
				63F6A0E917AED95100371EE3 /* Debug */,
				63F6A0EA17AED95100371EE3 /* Release */,
			);
			defaultConfigurationIsVisible = 0;
			defaultConfigurationName = Release;
		};
		63F6A0EB17AED95100371EE3 /* Build configuration list for PBXNativeTarget "PolygonDemo" */ = {
			isa = XCConfigurationList;
			buildConfigurations = (
				63F6A0EC17AED95100371EE3 /* Debug */,
				63F6A0ED17AED95100371EE3 /* Release */,
			);
			defaultConfigurationIsVisible = 0;
		};
/* End XCConfigurationList section */
	};
	rootObject = 63F6A0C017AED95100371EE3 /* Project object */;
}
